// !$*UTF8*$!
{
	archiveVersion = 1;
	classes = {
	};
	objectVersion = 50;
	objects = {

/* Begin PBXBuildFile section */
		AA22808425E6AA5D0073CEBF /* ServicesCustomCell.xib in Resources */ = {isa = PBXBuildFile; fileRef = AA22808325E6AA5D0073CEBF /* ServicesCustomCell.xib */; };
		AA22808725E6AB6B0073CEBF /* ServicesCustomCell.swift in Sources */ = {isa = PBXBuildFile; fileRef = AA22808625E6AB6B0073CEBF /* ServicesCustomCell.swift */; };
		AA22808B25E6AC950073CEBF /* CharacteristicsCustomCell.xib in Resources */ = {isa = PBXBuildFile; fileRef = AA22808A25E6AC950073CEBF /* CharacteristicsCustomCell.xib */; };
		AA22808E25E6AE4A0073CEBF /* CharacteristicsCustomCell.swift in Sources */ = {isa = PBXBuildFile; fileRef = AA22808D25E6AE4A0073CEBF /* CharacteristicsCustomCell.swift */; };
		AA22809125E6AFB20073CEBF /* BeaconViewController.swift in Sources */ = {isa = PBXBuildFile; fileRef = AA22809025E6AFB20073CEBF /* BeaconViewController.swift */; };
		AA752E8E225E1E5800F201EC /* AppDelegate.swift in Sources */ = {isa = PBXBuildFile; fileRef = AA752E8D225E1E5800F201EC /* AppDelegate.swift */; };
		AA752E90225E1E5800F201EC /* ViewController.swift in Sources */ = {isa = PBXBuildFile; fileRef = AA752E8F225E1E5800F201EC /* ViewController.swift */; };
		AA752E93225E1E5800F201EC /* Main.storyboard in Resources */ = {isa = PBXBuildFile; fileRef = AA752E91225E1E5800F201EC /* Main.storyboard */; };
		AA752E96225E1E5800F201EC /* BluetoothScanner.xcdatamodeld in Sources */ = {isa = PBXBuildFile; fileRef = AA752E94225E1E5800F201EC /* BluetoothScanner.xcdatamodeld */; };
		AA752E98225E1E5800F201EC /* Assets.xcassets in Resources */ = {isa = PBXBuildFile; fileRef = AA752E97225E1E5800F201EC /* Assets.xcassets */; };
		AA752E9B225E1E5800F201EC /* LaunchScreen.storyboard in Resources */ = {isa = PBXBuildFile; fileRef = AA752E99225E1E5800F201EC /* LaunchScreen.storyboard */; };
		AA752EA3225E1EBC00F201EC /* BLScanner.swift in Sources */ = {isa = PBXBuildFile; fileRef = AA752EA2225E1EBC00F201EC /* BLScanner.swift */; };
		AA752EA7225E204700F201EC /* BLObject.swift in Sources */ = {isa = PBXBuildFile; fileRef = AA752EA6225E204700F201EC /* BLObject.swift */; };
		AA752EA9225E243F00F201EC /* BLScannerDelegate.swift in Sources */ = {isa = PBXBuildFile; fileRef = AA752EA8225E243F00F201EC /* BLScannerDelegate.swift */; };
/* End PBXBuildFile section */

/* Begin PBXFileReference section */
		AA22808325E6AA5D0073CEBF /* ServicesCustomCell.xib */ = {isa = PBXFileReference; lastKnownFileType = file.xib; path = ServicesCustomCell.xib; sourceTree = "<group>"; };
		AA22808625E6AB6B0073CEBF /* ServicesCustomCell.swift */ = {isa = PBXFileReference; lastKnownFileType = sourcecode.swift; path = ServicesCustomCell.swift; sourceTree = "<group>"; };
		AA22808A25E6AC950073CEBF /* CharacteristicsCustomCell.xib */ = {isa = PBXFileReference; lastKnownFileType = file.xib; path = CharacteristicsCustomCell.xib; sourceTree = "<group>"; };
		AA22808D25E6AE4A0073CEBF /* CharacteristicsCustomCell.swift */ = {isa = PBXFileReference; lastKnownFileType = sourcecode.swift; path = CharacteristicsCustomCell.swift; sourceTree = "<group>"; };
		AA22809025E6AFB20073CEBF /* BeaconViewController.swift */ = {isa = PBXFileReference; lastKnownFileType = sourcecode.swift; path = BeaconViewController.swift; sourceTree = "<group>"; };
		AA752E8A225E1E5800F201EC /* BluetoothScanner.app */ = {isa = PBXFileReference; explicitFileType = wrapper.application; includeInIndex = 0; path = BluetoothScanner.app; sourceTree = BUILT_PRODUCTS_DIR; };
		AA752E8D225E1E5800F201EC /* AppDelegate.swift */ = {isa = PBXFileReference; lastKnownFileType = sourcecode.swift; path = AppDelegate.swift; sourceTree = "<group>"; };
		AA752E8F225E1E5800F201EC /* ViewController.swift */ = {isa = PBXFileReference; lastKnownFileType = sourcecode.swift; path = ViewController.swift; sourceTree = "<group>"; };
		AA752E92225E1E5800F201EC /* Base */ = {isa = PBXFileReference; lastKnownFileType = file.storyboard; name = Base; path = Base.lproj/Main.storyboard; sourceTree = "<group>"; };
		AA752E95225E1E5800F201EC /* BluetoothScanner.xcdatamodel */ = {isa = PBXFileReference; lastKnownFileType = wrapper.xcdatamodel; path = BluetoothScanner.xcdatamodel; sourceTree = "<group>"; };
		AA752E97225E1E5800F201EC /* Assets.xcassets */ = {isa = PBXFileReference; lastKnownFileType = folder.assetcatalog; path = Assets.xcassets; sourceTree = "<group>"; };
		AA752E9A225E1E5800F201EC /* Base */ = {isa = PBXFileReference; lastKnownFileType = file.storyboard; name = Base; path = Base.lproj/LaunchScreen.storyboard; sourceTree = "<group>"; };
		AA752E9C225E1E5800F201EC /* Info.plist */ = {isa = PBXFileReference; lastKnownFileType = text.plist.xml; path = Info.plist; sourceTree = "<group>"; };
		AA752EA2225E1EBC00F201EC /* BLScanner.swift */ = {isa = PBXFileReference; lastKnownFileType = sourcecode.swift; path = BLScanner.swift; sourceTree = "<group>"; };
		AA752EA6225E204700F201EC /* BLObject.swift */ = {isa = PBXFileReference; lastKnownFileType = sourcecode.swift; path = BLObject.swift; sourceTree = "<group>"; };
		AA752EA8225E243F00F201EC /* BLScannerDelegate.swift */ = {isa = PBXFileReference; lastKnownFileType = sourcecode.swift; path = BLScannerDelegate.swift; sourceTree = "<group>"; };
/* End PBXFileReference section */

/* Begin PBXFrameworksBuildPhase section */
		AA752E87225E1E5800F201EC /* Frameworks */ = {
			isa = PBXFrameworksBuildPhase;
			buildActionMask = 2147483647;
			files = (
			);
			runOnlyForDeploymentPostprocessing = 0;
		};
/* End PBXFrameworksBuildPhase section */

/* Begin PBXGroup section */
		AA22808025E6A93D0073CEBF /* Views */ = {
			isa = PBXGroup;
			children = (
				AA752E91225E1E5800F201EC /* Main.storyboard */,
				AA22808325E6AA5D0073CEBF /* ServicesCustomCell.xib */,
				AA22808625E6AB6B0073CEBF /* ServicesCustomCell.swift */,
				AA22808A25E6AC950073CEBF /* CharacteristicsCustomCell.xib */,
				AA22808D25E6AE4A0073CEBF /* CharacteristicsCustomCell.swift */,
			);
			path = Views;
			sourceTree = "<group>";
		};
		AA22808125E6A94D0073CEBF /* Controllers */ = {
			isa = PBXGroup;
			children = (
				AA752E8F225E1E5800F201EC /* ViewController.swift */,
				AA22809025E6AFB20073CEBF /* BeaconViewController.swift */,
			);
			path = Controllers;
			sourceTree = "<group>";
		};
		AA22808225E6A96C0073CEBF /* Models */ = {
			isa = PBXGroup;
			children = (
				AA752EA6225E204700F201EC /* BLObject.swift */,
				AA752EA8225E243F00F201EC /* BLScannerDelegate.swift */,
				AA752EA2225E1EBC00F201EC /* BLScanner.swift */,
			);
			path = Models;
			sourceTree = "<group>";
		};
		AA752E81225E1E5800F201EC = {
			isa = PBXGroup;
			children = (
				AA752E8C225E1E5800F201EC /* BluetoothScanner */,
				AA752E8B225E1E5800F201EC /* Products */,
			);
			sourceTree = "<group>";
		};
		AA752E8B225E1E5800F201EC /* Products */ = {
			isa = PBXGroup;
			children = (
				AA752E8A225E1E5800F201EC /* BluetoothScanner.app */,
			);
			name = Products;
			sourceTree = "<group>";
		};
		AA752E8C225E1E5800F201EC /* BluetoothScanner */ = {
			isa = PBXGroup;
			children = (
				AA22808225E6A96C0073CEBF /* Models */,
				AA22808125E6A94D0073CEBF /* Controllers */,
				AA22808025E6A93D0073CEBF /* Views */,
				AA752E8D225E1E5800F201EC /* AppDelegate.swift */,
				AA752E97225E1E5800F201EC /* Assets.xcassets */,
				AA752E99225E1E5800F201EC /* LaunchScreen.storyboard */,
				AA752E9C225E1E5800F201EC /* Info.plist */,
				AA752E94225E1E5800F201EC /* BluetoothScanner.xcdatamodeld */,
			);
			path = BluetoothScanner;
			sourceTree = "<group>";
		};
/* End PBXGroup section */

/* Begin PBXNativeTarget section */
		AA752E89225E1E5800F201EC /* BluetoothScanner */ = {
			isa = PBXNativeTarget;
			buildConfigurationList = AA752E9F225E1E5800F201EC /* Build configuration list for PBXNativeTarget "BluetoothScanner" */;
			buildPhases = (
				AA752E86225E1E5800F201EC /* Sources */,
				AA752E87225E1E5800F201EC /* Frameworks */,
				AA752E88225E1E5800F201EC /* Resources */,
			);
			buildRules = (
			);
			dependencies = (
			);
			name = BluetoothScanner;
			productName = BluetoothScanner;
			productReference = AA752E8A225E1E5800F201EC /* BluetoothScanner.app */;
			productType = "com.apple.product-type.application";
		};
/* End PBXNativeTarget section */

/* Begin PBXProject section */
		AA752E82225E1E5800F201EC /* Project object */ = {
			isa = PBXProject;
			attributes = {
				LastSwiftUpdateCheck = 1020;
				LastUpgradeCheck = 1240;
				ORGANIZATIONNAME = "Steve Rustom";
				TargetAttributes = {
					AA752E89225E1E5800F201EC = {
						CreatedOnToolsVersion = 10.2;
					};
				};
			};
			buildConfigurationList = AA752E85225E1E5800F201EC /* Build configuration list for PBXProject "BluetoothScanner" */;
			compatibilityVersion = "Xcode 9.3";
			developmentRegion = en;
			hasScannedForEncodings = 0;
			knownRegions = (
				en,
				Base,
			);
			mainGroup = AA752E81225E1E5800F201EC;
			productRefGroup = AA752E8B225E1E5800F201EC /* Products */;
			projectDirPath = "";
			projectRoot = "";
			targets = (
				AA752E89225E1E5800F201EC /* BluetoothScanner */,
			);
		};
/* End PBXProject section */

/* Begin PBXResourcesBuildPhase section */
		AA752E88225E1E5800F201EC /* Resources */ = {
			isa = PBXResourcesBuildPhase;
			buildActionMask = 2147483647;
			files = (
				AA752E9B225E1E5800F201EC /* LaunchScreen.storyboard in Resources */,
				AA752E98225E1E5800F201EC /* Assets.xcassets in Resources */,
				AA22808425E6AA5D0073CEBF /* ServicesCustomCell.xib in Resources */,
				AA752E93225E1E5800F201EC /* Main.storyboard in Resources */,
				AA22808B25E6AC950073CEBF /* CharacteristicsCustomCell.xib in Resources */,
			);
			runOnlyForDeploymentPostprocessing = 0;
		};
/* End PBXResourcesBuildPhase section */

/* Begin PBXSourcesBuildPhase section */
		AA752E86225E1E5800F201EC /* Sources */ = {
			isa = PBXSourcesBuildPhase;
			buildActionMask = 2147483647;
			files = (
				AA752E90225E1E5800F201EC /* ViewController.swift in Sources */,
				AA22808E25E6AE4A0073CEBF /* CharacteristicsCustomCell.swift in Sources */,
				AA752E8E225E1E5800F201EC /* AppDelegate.swift in Sources */,
				AA752EA7225E204700F201EC /* BLObject.swift in Sources */,
				AA22809125E6AFB20073CEBF /* BeaconViewController.swift in Sources */,
				AA752EA9225E243F00F201EC /* BLScannerDelegate.swift in Sources */,
				AA752EA3225E1EBC00F201EC /* BLScanner.swift in Sources */,
				AA22808725E6AB6B0073CEBF /* ServicesCustomCell.swift in Sources */,
				AA752E96225E1E5800F201EC /* BluetoothScanner.xcdatamodeld in Sources */,
			);
			runOnlyForDeploymentPostprocessing = 0;
		};
/* End PBXSourcesBuildPhase section */

/* Begin PBXVariantGroup section */
		AA752E91225E1E5800F201EC /* Main.storyboard */ = {
			isa = PBXVariantGroup;
			children = (
				AA752E92225E1E5800F201EC /* Base */,
			);
			name = Main.storyboard;
			sourceTree = "<group>";
		};
		AA752E99225E1E5800F201EC /* LaunchScreen.storyboard */ = {
			isa = PBXVariantGroup;
			children = (
				AA752E9A225E1E5800F201EC /* Base */,
			);
			name = LaunchScreen.storyboard;
			sourceTree = "<group>";
		};
/* End PBXVariantGroup section */

/* Begin XCBuildConfiguration section */
		AA752E9D225E1E5800F201EC /* Debug */ = {
			isa = XCBuildConfiguration;
			buildSettings = {
				ALWAYS_SEARCH_USER_PATHS = NO;
				CLANG_ANALYZER_NONNULL = YES;
				CLANG_ANALYZER_NUMBER_OBJECT_CONVERSION = YES_AGGRESSIVE;
				CLANG_CXX_LANGUAGE_STANDARD = "gnu++14";
				CLANG_CXX_LIBRARY = "libc++";
				CLANG_ENABLE_MODULES = YES;
				CLANG_ENABLE_OBJC_ARC = YES;
				CLANG_ENABLE_OBJC_WEAK = YES;
				CLANG_WARN_BLOCK_CAPTURE_AUTORELEASING = YES;
				CLANG_WARN_BOOL_CONVERSION = YES;
				CLANG_WARN_COMMA = YES;
				CLANG_WARN_CONSTANT_CONVERSION = YES;
				CLANG_WARN_DEPRECATED_OBJC_IMPLEMENTATIONS = YES;
				CLANG_WARN_DIRECT_OBJC_ISA_USAGE = YES_ERROR;
				CLANG_WARN_DOCUMENTATION_COMMENTS = YES;
				CLANG_WARN_EMPTY_BODY = YES;
				CLANG_WARN_ENUM_CONVERSION = YES;
				CLANG_WARN_INFINITE_RECURSION = YES;
				CLANG_WARN_INT_CONVERSION = YES;
				CLANG_WARN_NON_LITERAL_NULL_CONVERSION = YES;
				CLANG_WARN_OBJC_IMPLICIT_RETAIN_SELF = YES;
				CLANG_WARN_OBJC_LITERAL_CONVERSION = YES;
				CLANG_WARN_OBJC_ROOT_CLASS = YES_ERROR;
				CLANG_WARN_QUOTED_INCLUDE_IN_FRAMEWORK_HEADER = YES;
				CLANG_WARN_RANGE_LOOP_ANALYSIS = YES;
				CLANG_WARN_STRICT_PROTOTYPES = YES;
				CLANG_WARN_SUSPICIOUS_MOVE = YES;
				CLANG_WARN_UNGUARDED_AVAILABILITY = YES_AGGRESSIVE;
				CLANG_WARN_UNREACHABLE_CODE = YES;
				CLANG_WARN__DUPLICATE_METHOD_MATCH = YES;
				CODE_SIGN_IDENTITY = "iPhone Developer";
				COPY_PHASE_STRIP = NO;
				DEBUG_INFORMATION_FORMAT = dwarf;
				ENABLE_STRICT_OBJC_MSGSEND = YES;
				ENABLE_TESTABILITY = YES;
				GCC_C_LANGUAGE_STANDARD = gnu11;
				GCC_DYNAMIC_NO_PIC = NO;
				GCC_NO_COMMON_BLOCKS = YES;
				GCC_OPTIMIZATION_LEVEL = 0;
				GCC_PREPROCESSOR_DEFINITIONS = (
					"DEBUG=1",
					"$(inherited)",
				);
				GCC_WARN_64_TO_32_BIT_CONVERSION = YES;
				GCC_WARN_ABOUT_RETURN_TYPE = YES_ERROR;
				GCC_WARN_UNDECLARED_SELECTOR = YES;
				GCC_WARN_UNINITIALIZED_AUTOS = YES_AGGRESSIVE;
				GCC_WARN_UNUSED_FUNCTION = YES;
				GCC_WARN_UNUSED_VARIABLE = YES;
				IPHONEOS_DEPLOYMENT_TARGET = 12.2;
				MTL_ENABLE_DEBUG_INFO = INCLUDE_SOURCE;
				MTL_FAST_MATH = YES;
				ONLY_ACTIVE_ARCH = YES;
				SDKROOT = iphoneos;
				SWIFT_ACTIVE_COMPILATION_CONDITIONS = DEBUG;
				SWIFT_OPTIMIZATION_LEVEL = "-Onone";
			};
			name = Debug;
		};
		AA752E9E225E1E5800F201EC /* Release */ = {
			isa = XCBuildConfiguration;
			buildSettings = {
				ALWAYS_SEARCH_USER_PATHS = NO;
				CLANG_ANALYZER_NONNULL = YES;
				CLANG_ANALYZER_NUMBER_OBJECT_CONVERSION = YES_AGGRESSIVE;
				CLANG_CXX_LANGUAGE_STANDARD = "gnu++14";
				CLANG_CXX_LIBRARY = "libc++";
				CLANG_ENABLE_MODULES = YES;
				CLANG_ENABLE_OBJC_ARC = YES;
				CLANG_ENABLE_OBJC_WEAK = YES;
				CLANG_WARN_BLOCK_CAPTURE_AUTORELEASING = YES;
				CLANG_WARN_BOOL_CONVERSION = YES;
				CLANG_WARN_COMMA = YES;
				CLANG_WARN_CONSTANT_CONVERSION = YES;
				CLANG_WARN_DEPRECATED_OBJC_IMPLEMENTATIONS = YES;
				CLANG_WARN_DIRECT_OBJC_ISA_USAGE = YES_ERROR;
				CLANG_WARN_DOCUMENTATION_COMMENTS = YES;
				CLANG_WARN_EMPTY_BODY = YES;
				CLANG_WARN_ENUM_CONVERSION = YES;
				CLANG_WARN_INFINITE_RECURSION = YES;
				CLANG_WARN_INT_CONVERSION = YES;
				CLANG_WARN_NON_LITERAL_NULL_CONVERSION = YES;
				CLANG_WARN_OBJC_IMPLICIT_RETAIN_SELF = YES;
				CLANG_WARN_OBJC_LITERAL_CONVERSION = YES;
				CLANG_WARN_OBJC_ROOT_CLASS = YES_ERROR;
				CLANG_WARN_QUOTED_INCLUDE_IN_FRAMEWORK_HEADER = YES;
				CLANG_WARN_RANGE_LOOP_ANALYSIS = YES;
				CLANG_WARN_STRICT_PROTOTYPES = YES;
				CLANG_WARN_SUSPICIOUS_MOVE = YES;
				CLANG_WARN_UNGUARDED_AVAILABILITY = YES_AGGRESSIVE;
				CLANG_WARN_UNREACHABLE_CODE = YES;
				CLANG_WARN__DUPLICATE_METHOD_MATCH = YES;
				CODE_SIGN_IDENTITY = "iPhone Developer";
				COPY_PHASE_STRIP = NO;
				DEBUG_INFORMATION_FORMAT = "dwarf-with-dsym";
				ENABLE_NS_ASSERTIONS = NO;
				ENABLE_STRICT_OBJC_MSGSEND = YES;
				GCC_C_LANGUAGE_STANDARD = gnu11;
				GCC_NO_COMMON_BLOCKS = YES;
				GCC_WARN_64_TO_32_BIT_CONVERSION = YES;
				GCC_WARN_ABOUT_RETURN_TYPE = YES_ERROR;
				GCC_WARN_UNDECLARED_SELECTOR = YES;
				GCC_WARN_UNINITIALIZED_AUTOS = YES_AGGRESSIVE;
				GCC_WARN_UNUSED_FUNCTION = YES;
				GCC_WARN_UNUSED_VARIABLE = YES;
				IPHONEOS_DEPLOYMENT_TARGET = 12.2;
				MTL_ENABLE_DEBUG_INFO = NO;
				MTL_FAST_MATH = YES;
				SDKROOT = iphoneos;
				SWIFT_COMPILATION_MODE = wholemodule;
				SWIFT_OPTIMIZATION_LEVEL = "-O";
				VALIDATE_PRODUCT = YES;
			};
			name = Release;
		};
		AA752EA0225E1E5800F201EC /* Debug */ = {
			isa = XCBuildConfiguration;
			buildSettings = {
				ASSETCATALOG_COMPILER_APPICON_NAME = AppIcon;
				CODE_SIGN_STYLE = Automatic;
				DEVELOPMENT_TEAM = VB7392NN4K;
				INFOPLIST_FILE = BluetoothScanner/Info.plist;
				IPHONEOS_DEPLOYMENT_TARGET = 12.2;
				LD_RUNPATH_SEARCH_PATHS = (
					"$(inherited)",
					"@executable_path/Frameworks",
				);
				PRODUCT_BUNDLE_IDENTIFIER = com.steverustom.BluetoothScanner;
				PRODUCT_NAME = "$(TARGET_NAME)";
				SWIFT_VERSION = 5.0;
				TARGETED_DEVICE_FAMILY = "1,2";
			};
			name = Debug;
		};
		AA752EA1225E1E5800F201EC /* Release */ = {
			isa = XCBuildConfiguration;
			buildSettings = {
				ASSETCATALOG_COMPILER_APPICON_NAME = AppIcon;
				CODE_SIGN_STYLE = Automatic;
				DEVELOPMENT_TEAM = VB7392NN4K;
				INFOPLIST_FILE = BluetoothScanner/Info.plist;
				IPHONEOS_DEPLOYMENT_TARGET = 12.2;
				LD_RUNPATH_SEARCH_PATHS = (
					"$(inherited)",
					"@executable_path/Frameworks",
				);
				PRODUCT_BUNDLE_IDENTIFIER = com.steverustom.BluetoothScanner;
				PRODUCT_NAME = "$(TARGET_NAME)";
				SWIFT_VERSION = 5.0;
				TARGETED_DEVICE_FAMILY = "1,2";
			};
			name = Release;
		};
/* End XCBuildConfiguration section */

/* Begin XCConfigurationList section */
		AA752E85225E1E5800F201EC /* Build configuration list for PBXProject "BluetoothScanner" */ = {
			isa = XCConfigurationList;
			buildConfigurations = (
				AA752E9D225E1E5800F201EC /* Debug */,
				AA752E9E225E1E5800F201EC /* Release */,
			);
			defaultConfigurationIsVisible = 0;
			defaultConfigurationName = Release;
		};
		AA752E9F225E1E5800F201EC /* Build configuration list for PBXNativeTarget "BluetoothScanner" */ = {
			isa = XCConfigurationList;
			buildConfigurations = (
				AA752EA0225E1E5800F201EC /* Debug */,
				AA752EA1225E1E5800F201EC /* Release */,
			);
			defaultConfigurationIsVisible = 0;
			defaultConfigurationName = Release;
		};
/* End XCConfigurationList section */

/* Begin XCVersionGroup section */
		AA752E94225E1E5800F201EC /* BluetoothScanner.xcdatamodeld */ = {
			isa = XCVersionGroup;
			children = (
				AA752E95225E1E5800F201EC /* BluetoothScanner.xcdatamodel */,
			);
			currentVersion = AA752E95225E1E5800F201EC /* BluetoothScanner.xcdatamodel */;
			path = BluetoothScanner.xcdatamodeld;
			sourceTree = "<group>";
			versionGroupType = wrapper.xcdatamodel;
		};
/* End XCVersionGroup section */
	};
	rootObject = AA752E82225E1E5800F201EC /* Project object */;
}
