// !$*UTF8*$!
{
	archiveVersion = 1;
	classes = {
	};
	objectVersion = 52;
	objects = {

/* Begin PBXBuildFile section */
		AA09C8AD26398DEB006E6322 /* Algorithms in Frameworks */ = {isa = PBXBuildFile; productRef = AA09C8AC26398DEB006E6322 /* Algorithms */; };
		AA0F808F262069E60023E242 /* ExternalAccessory.framework in Frameworks */ = {isa = PBXBuildFile; fileRef = AA0F808E262069E60023E242 /* ExternalAccessory.framework */; };
		AA10818726E8AF17000E240D /* TransferService.swift in Sources */ = {isa = PBXBuildFile; fileRef = AA10818626E8AF17000E240D /* TransferService.swift */; };
		AA22809125E6AFB20073CEBF /* BeaconViewController.swift in Sources */ = {isa = PBXBuildFile; fileRef = AA22809025E6AFB20073CEBF /* BeaconViewController.swift */; };
		AA37709825F2389300F9D7E3 /* SharedData.swift in Sources */ = {isa = PBXBuildFile; fileRef = AA37709725F2389300F9D7E3 /* SharedData.swift */; };
		AA3C4AFF2626E5E8003821D1 /* ReadFromLog.swift in Sources */ = {isa = PBXBuildFile; fileRef = AA3C4AFE2626E5E8003821D1 /* ReadFromLog.swift */; };
		AA3C4B0126271320003821D1 /* BinUtils.swift in Sources */ = {isa = PBXBuildFile; fileRef = AA3C4B0026271320003821D1 /* BinUtils.swift */; };
		AA3C4B062627316D003821D1 /* PlotMeasurementsViewController.swift in Sources */ = {isa = PBXBuildFile; fileRef = AA3C4B052627316D003821D1 /* PlotMeasurementsViewController.swift */; };
		AA5AB46626F8DB3900328AA8 /* splash.wav in Resources */ = {isa = PBXBuildFile; fileRef = AA5AB46526F8DB3900328AA8 /* splash.wav */; };
		AA6F9B95262DB4FA00BBF074 /* Charts.xcframework in Frameworks */ = {isa = PBXBuildFile; fileRef = AA6F9B94262DB4FA00BBF074 /* Charts.xcframework */; };
		AA6F9B96262DB4FA00BBF074 /* Charts.xcframework in Embed Frameworks */ = {isa = PBXBuildFile; fileRef = AA6F9B94262DB4FA00BBF074 /* Charts.xcframework */; settings = {ATTRIBUTES = (CodeSignOnCopy, RemoveHeadersOnCopy, ); }; };
		AA752E8E225E1E5800F201EC /* AppDelegate.swift in Sources */ = {isa = PBXBuildFile; fileRef = AA752E8D225E1E5800F201EC /* AppDelegate.swift */; };
		AA752E90225E1E5800F201EC /* ViewController.swift in Sources */ = {isa = PBXBuildFile; fileRef = AA752E8F225E1E5800F201EC /* ViewController.swift */; };
		AA752E93225E1E5800F201EC /* Main.storyboard in Resources */ = {isa = PBXBuildFile; fileRef = AA752E91225E1E5800F201EC /* Main.storyboard */; };
		AA752E96225E1E5800F201EC /* Swimtraxx_Data_Tool.xcdatamodeld in Sources */ = {isa = PBXBuildFile; fileRef = AA752E94225E1E5800F201EC /* Swimtraxx_Data_Tool.xcdatamodeld */; };
		AA752E98225E1E5800F201EC /* Assets.xcassets in Resources */ = {isa = PBXBuildFile; fileRef = AA752E97225E1E5800F201EC /* Assets.xcassets */; };
		AA752E9B225E1E5800F201EC /* LaunchScreen.storyboard in Resources */ = {isa = PBXBuildFile; fileRef = AA752E99225E1E5800F201EC /* LaunchScreen.storyboard */; };
		AA752EA3225E1EBC00F201EC /* BLScanner.swift in Sources */ = {isa = PBXBuildFile; fileRef = AA752EA2225E1EBC00F201EC /* BLScanner.swift */; };
		AA752EA7225E204700F201EC /* BLObject.swift in Sources */ = {isa = PBXBuildFile; fileRef = AA752EA6225E204700F201EC /* BLObject.swift */; };
		AA752EA9225E243F00F201EC /* BLScannerDelegate.swift in Sources */ = {isa = PBXBuildFile; fileRef = AA752EA8225E243F00F201EC /* BLScannerDelegate.swift */; };
		AA9B4A2A26E6329700E7CA4A /* ConnectedPeripheralsDelegate.swift in Sources */ = {isa = PBXBuildFile; fileRef = AA9B4A2926E6329700E7CA4A /* ConnectedPeripheralsDelegate.swift */; };
		AAF3EBAE26AEB7D3001DE327 /* CustomTableViewCell.xib in Resources */ = {isa = PBXBuildFile; fileRef = AAF3EBAD26AEB7D3001DE327 /* CustomTableViewCell.xib */; };
		AAF3EBB026AEB8A0001DE327 /* CustomTableViewCell.swift in Sources */ = {isa = PBXBuildFile; fileRef = AAF3EBAF26AEB8A0001DE327 /* CustomTableViewCell.swift */; };
		AAFC0C4925FFBAEC00EEF10D /* ReactiveCocoa.xcframework in Frameworks */ = {isa = PBXBuildFile; fileRef = AAFC0C4825FFBAEC00EEF10D /* ReactiveCocoa.xcframework */; };
		AAFC0C4A25FFBAEC00EEF10D /* ReactiveCocoa.xcframework in Embed Frameworks */ = {isa = PBXBuildFile; fileRef = AAFC0C4825FFBAEC00EEF10D /* ReactiveCocoa.xcframework */; settings = {ATTRIBUTES = (CodeSignOnCopy, RemoveHeadersOnCopy, ); }; };
		AAFC0C4D25FFBAEF00EEF10D /* ReactiveSwift.xcframework in Frameworks */ = {isa = PBXBuildFile; fileRef = AAFC0C4C25FFBAEF00EEF10D /* ReactiveSwift.xcframework */; };
		AAFC0C4E25FFBAEF00EEF10D /* ReactiveSwift.xcframework in Embed Frameworks */ = {isa = PBXBuildFile; fileRef = AAFC0C4C25FFBAEF00EEF10D /* ReactiveSwift.xcframework */; settings = {ATTRIBUTES = (CodeSignOnCopy, RemoveHeadersOnCopy, ); }; };
		AAFC0C5025FFBAF400EEF10D /* ReactiveMapKit.xcframework in Frameworks */ = {isa = PBXBuildFile; fileRef = AAFC0C4F25FFBAF400EEF10D /* ReactiveMapKit.xcframework */; };
		AAFC0C5125FFBAF400EEF10D /* ReactiveMapKit.xcframework in Embed Frameworks */ = {isa = PBXBuildFile; fileRef = AAFC0C4F25FFBAF400EEF10D /* ReactiveMapKit.xcframework */; settings = {ATTRIBUTES = (CodeSignOnCopy, RemoveHeadersOnCopy, ); }; };
/* End PBXBuildFile section */

/* Begin PBXCopyFilesBuildPhase section */
		AAFC0C4B25FFBAEC00EEF10D /* Embed Frameworks */ = {
			isa = PBXCopyFilesBuildPhase;
			buildActionMask = 2147483647;
			dstPath = "";
			dstSubfolderSpec = 10;
			files = (
				AAFC0C5125FFBAF400EEF10D /* ReactiveMapKit.xcframework in Embed Frameworks */,
				AAFC0C4E25FFBAEF00EEF10D /* ReactiveSwift.xcframework in Embed Frameworks */,
				AA6F9B96262DB4FA00BBF074 /* Charts.xcframework in Embed Frameworks */,
				AAFC0C4A25FFBAEC00EEF10D /* ReactiveCocoa.xcframework in Embed Frameworks */,
			);
			name = "Embed Frameworks";
			runOnlyForDeploymentPostprocessing = 0;
		};
/* End PBXCopyFilesBuildPhase section */

/* Begin PBXFileReference section */
		AA0F808E262069E60023E242 /* ExternalAccessory.framework */ = {isa = PBXFileReference; lastKnownFileType = wrapper.framework; name = ExternalAccessory.framework; path = System/Library/Frameworks/ExternalAccessory.framework; sourceTree = SDKROOT; };
		AA0F8090262079BC0023E242 /* SwimtraxxDataTool.entitlements */ = {isa = PBXFileReference; lastKnownFileType = text.plist.entitlements; name = SwimtraxxDataTool.entitlements; path = ../../../.Trash/SwimtraxxDataTool.entitlements; sourceTree = "<group>"; };
		AA10818626E8AF17000E240D /* TransferService.swift */ = {isa = PBXFileReference; lastKnownFileType = sourcecode.swift; path = TransferService.swift; sourceTree = "<group>"; };
		AA22809025E6AFB20073CEBF /* BeaconViewController.swift */ = {isa = PBXFileReference; lastKnownFileType = sourcecode.swift; path = BeaconViewController.swift; sourceTree = "<group>"; };
		AA37709725F2389300F9D7E3 /* SharedData.swift */ = {isa = PBXFileReference; lastKnownFileType = sourcecode.swift; path = SharedData.swift; sourceTree = "<group>"; };
		AA3C4AFE2626E5E8003821D1 /* ReadFromLog.swift */ = {isa = PBXFileReference; lastKnownFileType = sourcecode.swift; path = ReadFromLog.swift; sourceTree = "<group>"; };
		AA3C4B0026271320003821D1 /* BinUtils.swift */ = {isa = PBXFileReference; lastKnownFileType = sourcecode.swift; path = BinUtils.swift; sourceTree = "<group>"; };
		AA3C4B052627316D003821D1 /* PlotMeasurementsViewController.swift */ = {isa = PBXFileReference; lastKnownFileType = sourcecode.swift; path = PlotMeasurementsViewController.swift; sourceTree = "<group>"; };
		AA5AB46526F8DB3900328AA8 /* splash.wav */ = {isa = PBXFileReference; lastKnownFileType = audio.wav; path = splash.wav; sourceTree = "<group>"; };
		AA6F9B8E262DAA0E00BBF074 /* Charts.framework */ = {isa = PBXFileReference; lastKnownFileType = wrapper.framework; name = Charts.framework; path = Carthage/Build/iOS/Charts.framework; sourceTree = "<group>"; };
		AA6F9B94262DB4FA00BBF074 /* Charts.xcframework */ = {isa = PBXFileReference; lastKnownFileType = wrapper.xcframework; name = Charts.xcframework; path = Carthage/Build/Charts.xcframework; sourceTree = "<group>"; };
		AA752E8A225E1E5800F201EC /* Swimtraxx Data Tool.app */ = {isa = PBXFileReference; explicitFileType = wrapper.application; includeInIndex = 0; path = "Swimtraxx Data Tool.app"; sourceTree = BUILT_PRODUCTS_DIR; };
		AA752E8D225E1E5800F201EC /* AppDelegate.swift */ = {isa = PBXFileReference; lastKnownFileType = sourcecode.swift; path = AppDelegate.swift; sourceTree = "<group>"; };
		AA752E8F225E1E5800F201EC /* ViewController.swift */ = {isa = PBXFileReference; lastKnownFileType = sourcecode.swift; path = ViewController.swift; sourceTree = "<group>"; };
		AA752E92225E1E5800F201EC /* Base */ = {isa = PBXFileReference; lastKnownFileType = file.storyboard; name = Base; path = Base.lproj/Main.storyboard; sourceTree = "<group>"; };
		AA752E95225E1E5800F201EC /* BluetoothScanner.xcdatamodel */ = {isa = PBXFileReference; lastKnownFileType = wrapper.xcdatamodel; path = BluetoothScanner.xcdatamodel; sourceTree = "<group>"; };
		AA752E97225E1E5800F201EC /* Assets.xcassets */ = {isa = PBXFileReference; lastKnownFileType = folder.assetcatalog; path = Assets.xcassets; sourceTree = "<group>"; };
		AA752E9A225E1E5800F201EC /* Base */ = {isa = PBXFileReference; lastKnownFileType = file.storyboard; name = Base; path = Base.lproj/LaunchScreen.storyboard; sourceTree = "<group>"; };
		AA752E9C225E1E5800F201EC /* Info.plist */ = {isa = PBXFileReference; lastKnownFileType = text.plist.xml; path = Info.plist; sourceTree = "<group>"; };
		AA752EA2225E1EBC00F201EC /* BLScanner.swift */ = {isa = PBXFileReference; lastKnownFileType = sourcecode.swift; path = BLScanner.swift; sourceTree = "<group>"; };
		AA752EA6225E204700F201EC /* BLObject.swift */ = {isa = PBXFileReference; lastKnownFileType = sourcecode.swift; path = BLObject.swift; sourceTree = "<group>"; };
		AA752EA8225E243F00F201EC /* BLScannerDelegate.swift */ = {isa = PBXFileReference; lastKnownFileType = sourcecode.swift; path = BLScannerDelegate.swift; sourceTree = "<group>"; };
		AA9B4A2926E6329700E7CA4A /* ConnectedPeripheralsDelegate.swift */ = {isa = PBXFileReference; lastKnownFileType = sourcecode.swift; path = ConnectedPeripheralsDelegate.swift; sourceTree = "<group>"; };
		AAF3EBAD26AEB7D3001DE327 /* CustomTableViewCell.xib */ = {isa = PBXFileReference; lastKnownFileType = file.xib; path = CustomTableViewCell.xib; sourceTree = "<group>"; };
		AAF3EBAF26AEB8A0001DE327 /* CustomTableViewCell.swift */ = {isa = PBXFileReference; lastKnownFileType = sourcecode.swift; path = CustomTableViewCell.swift; sourceTree = "<group>"; };
		AAFC0C4825FFBAEC00EEF10D /* ReactiveCocoa.xcframework */ = {isa = PBXFileReference; lastKnownFileType = wrapper.xcframework; name = ReactiveCocoa.xcframework; path = Carthage/Build/ReactiveCocoa.xcframework; sourceTree = "<group>"; };
		AAFC0C4C25FFBAEF00EEF10D /* ReactiveSwift.xcframework */ = {isa = PBXFileReference; lastKnownFileType = wrapper.xcframework; name = ReactiveSwift.xcframework; path = Carthage/Build/ReactiveSwift.xcframework; sourceTree = "<group>"; };
		AAFC0C4F25FFBAF400EEF10D /* ReactiveMapKit.xcframework */ = {isa = PBXFileReference; lastKnownFileType = wrapper.xcframework; name = ReactiveMapKit.xcframework; path = Carthage/Build/ReactiveMapKit.xcframework; sourceTree = "<group>"; };
/* End PBXFileReference section */

/* Begin PBXFrameworksBuildPhase section */
		AA752E87225E1E5800F201EC /* Frameworks */ = {
			isa = PBXFrameworksBuildPhase;
			buildActionMask = 2147483647;
			files = (
				AA09C8AD26398DEB006E6322 /* Algorithms in Frameworks */,
				AAFC0C5025FFBAF400EEF10D /* ReactiveMapKit.xcframework in Frameworks */,
				AAFC0C4D25FFBAEF00EEF10D /* ReactiveSwift.xcframework in Frameworks */,
				AA6F9B95262DB4FA00BBF074 /* Charts.xcframework in Frameworks */,
				AA0F808F262069E60023E242 /* ExternalAccessory.framework in Frameworks */,
				AAFC0C4925FFBAEC00EEF10D /* ReactiveCocoa.xcframework in Frameworks */,
			);
			runOnlyForDeploymentPostprocessing = 0;
		};
/* End PBXFrameworksBuildPhase section */

/* Begin PBXGroup section */
		AA22808025E6A93D0073CEBF /* Views */ = {
			isa = PBXGroup;
			children = (
				AA752E91225E1E5800F201EC /* Main.storyboard */,
			);
			path = Views;
			sourceTree = "<group>";
		};
		AA22808125E6A94D0073CEBF /* Controllers */ = {
			isa = PBXGroup;
			children = (
				AA752E8F225E1E5800F201EC /* ViewController.swift */,
				AA22809025E6AFB20073CEBF /* BeaconViewController.swift */,
				AA3C4B052627316D003821D1 /* PlotMeasurementsViewController.swift */,
			);
			path = Controllers;
			sourceTree = "<group>";
		};
		AA22808225E6A96C0073CEBF /* Models */ = {
			isa = PBXGroup;
			children = (
				AA752EA6225E204700F201EC /* BLObject.swift */,
				AA752EA8225E243F00F201EC /* BLScannerDelegate.swift */,
				AA752EA2225E1EBC00F201EC /* BLScanner.swift */,
				AA37709725F2389300F9D7E3 /* SharedData.swift */,
				AA9B4A2926E6329700E7CA4A /* ConnectedPeripheralsDelegate.swift */,
			);
			path = Models;
			sourceTree = "<group>";
		};
		AA3C4AFC2626DF54003821D1 /* Helpers */ = {
			isa = PBXGroup;
			children = (
				AA10818626E8AF17000E240D /* TransferService.swift */,
				AA3C4AFE2626E5E8003821D1 /* ReadFromLog.swift */,
				AA3C4B0026271320003821D1 /* BinUtils.swift */,
			);
			path = Helpers;
			sourceTree = "<group>";
		};
		AA5AB46426F8DB3900328AA8 /* Sound Effects */ = {
			isa = PBXGroup;
			children = (
				AA5AB46526F8DB3900328AA8 /* splash.wav */,
			);
			path = "Sound Effects";
			sourceTree = "<group>";
		};
		AA752E81225E1E5800F201EC = {
			isa = PBXGroup;
			children = (
				AA0F8090262079BC0023E242 /* SwimtraxxDataTool.entitlements */,
				AA752E8C225E1E5800F201EC /* Swimtraxx Data Tool */,
				AA752E8B225E1E5800F201EC /* Products */,
				AAFC0C4725FFBAEC00EEF10D /* Frameworks */,
			);
			sourceTree = "<group>";
		};
		AA752E8B225E1E5800F201EC /* Products */ = {
			isa = PBXGroup;
			children = (
				AA752E8A225E1E5800F201EC /* Swimtraxx Data Tool.app */,
			);
			name = Products;
			sourceTree = "<group>";
		};
		AA752E8C225E1E5800F201EC /* Swimtraxx Data Tool */ = {
			isa = PBXGroup;
			children = (
				AA5AB46426F8DB3900328AA8 /* Sound Effects */,
				AAF3EBAC26AEB785001DE327 /* Custom Cells */,
				AA3C4AFC2626DF54003821D1 /* Helpers */,
				AA22808225E6A96C0073CEBF /* Models */,
				AA22808125E6A94D0073CEBF /* Controllers */,
				AA22808025E6A93D0073CEBF /* Views */,
				AA752E8D225E1E5800F201EC /* AppDelegate.swift */,
				AA752E97225E1E5800F201EC /* Assets.xcassets */,
				AA752E99225E1E5800F201EC /* LaunchScreen.storyboard */,
				AA752E9C225E1E5800F201EC /* Info.plist */,
				AA752E94225E1E5800F201EC /* Swimtraxx_Data_Tool.xcdatamodeld */,
			);
			path = "Swimtraxx Data Tool";
			sourceTree = "<group>";
		};
		AAF3EBAC26AEB785001DE327 /* Custom Cells */ = {
			isa = PBXGroup;
			children = (
				AAF3EBAD26AEB7D3001DE327 /* CustomTableViewCell.xib */,
				AAF3EBAF26AEB8A0001DE327 /* CustomTableViewCell.swift */,
			);
			path = "Custom Cells";
			sourceTree = "<group>";
		};
		AAFC0C4725FFBAEC00EEF10D /* Frameworks */ = {
			isa = PBXGroup;
			children = (
				AA6F9B94262DB4FA00BBF074 /* Charts.xcframework */,
				AA6F9B8E262DAA0E00BBF074 /* Charts.framework */,
				AA0F808E262069E60023E242 /* ExternalAccessory.framework */,
				AAFC0C4F25FFBAF400EEF10D /* ReactiveMapKit.xcframework */,
				AAFC0C4C25FFBAEF00EEF10D /* ReactiveSwift.xcframework */,
				AAFC0C4825FFBAEC00EEF10D /* ReactiveCocoa.xcframework */,
			);
			name = Frameworks;
			sourceTree = "<group>";
		};
/* End PBXGroup section */

/* Begin PBXNativeTarget section */
		AA752E89225E1E5800F201EC /* Swimtraxx Data Tool */ = {
			isa = PBXNativeTarget;
			buildConfigurationList = AA752E9F225E1E5800F201EC /* Build configuration list for PBXNativeTarget "Swimtraxx Data Tool" */;
			buildPhases = (
				AA752E86225E1E5800F201EC /* Sources */,
				AA752E87225E1E5800F201EC /* Frameworks */,
				AA752E88225E1E5800F201EC /* Resources */,
				AAFC0C4B25FFBAEC00EEF10D /* Embed Frameworks */,
			);
			buildRules = (
			);
			dependencies = (
			);
			name = "Swimtraxx Data Tool";
			packageProductDependencies = (
				AA09C8AC26398DEB006E6322 /* Algorithms */,
			);
			productName = BluetoothScanner;
			productReference = AA752E8A225E1E5800F201EC /* Swimtraxx Data Tool.app */;
			productType = "com.apple.product-type.application";
		};
/* End PBXNativeTarget section */

/* Begin PBXProject section */
		AA752E82225E1E5800F201EC /* Project object */ = {
			isa = PBXProject;
			attributes = {
				LastSwiftUpdateCheck = 1020;
				LastUpgradeCheck = 1240;
				ORGANIZATIONNAME = Capetech;
				TargetAttributes = {
					AA752E89225E1E5800F201EC = {
						CreatedOnToolsVersion = 10.2;
					};
				};
			};
			buildConfigurationList = AA752E85225E1E5800F201EC /* Build configuration list for PBXProject "Swimtraxx Data Tool" */;
			compatibilityVersion = "Xcode 9.3";
			developmentRegion = en;
			hasScannedForEncodings = 0;
			knownRegions = (
				en,
				Base,
			);
			mainGroup = AA752E81225E1E5800F201EC;
			packageReferences = (
				AA09C8AB26398DEB006E6322 /* XCRemoteSwiftPackageReference "swift-algorithms" */,
			);
			productRefGroup = AA752E8B225E1E5800F201EC /* Products */;
			projectDirPath = "";
			projectRoot = "";
			targets = (
				AA752E89225E1E5800F201EC /* Swimtraxx Data Tool */,
			);
		};
/* End PBXProject section */

/* Begin PBXResourcesBuildPhase section */
		AA752E88225E1E5800F201EC /* Resources */ = {
			isa = PBXResourcesBuildPhase;
			buildActionMask = 2147483647;
			files = (
				AA752E9B225E1E5800F201EC /* LaunchScreen.storyboard in Resources */,
				AA752E98225E1E5800F201EC /* Assets.xcassets in Resources */,
				AAF3EBAE26AEB7D3001DE327 /* CustomTableViewCell.xib in Resources */,
				AA752E93225E1E5800F201EC /* Main.storyboard in Resources */,
				AA5AB46626F8DB3900328AA8 /* splash.wav in Resources */,
			);
			runOnlyForDeploymentPostprocessing = 0;
		};
/* End PBXResourcesBuildPhase section */

/* Begin PBXSourcesBuildPhase section */
		AA752E86225E1E5800F201EC /* Sources */ = {
			isa = PBXSourcesBuildPhase;
			buildActionMask = 2147483647;
			files = (
				AA37709825F2389300F9D7E3 /* SharedData.swift in Sources */,
				AA3C4B0126271320003821D1 /* BinUtils.swift in Sources */,
				AA752E90225E1E5800F201EC /* ViewController.swift in Sources */,
				AA752E8E225E1E5800F201EC /* AppDelegate.swift in Sources */,
				AA752EA7225E204700F201EC /* BLObject.swift in Sources */,
				AA22809125E6AFB20073CEBF /* BeaconViewController.swift in Sources */,
				AA10818726E8AF17000E240D /* TransferService.swift in Sources */,
				AA9B4A2A26E6329700E7CA4A /* ConnectedPeripheralsDelegate.swift in Sources */,
				AA752EA9225E243F00F201EC /* BLScannerDelegate.swift in Sources */,
				AA3C4AFF2626E5E8003821D1 /* ReadFromLog.swift in Sources */,
				AA3C4B062627316D003821D1 /* PlotMeasurementsViewController.swift in Sources */,
				AA752EA3225E1EBC00F201EC /* BLScanner.swift in Sources */,
				AA752E96225E1E5800F201EC /* Swimtraxx_Data_Tool.xcdatamodeld in Sources */,
				AAF3EBB026AEB8A0001DE327 /* CustomTableViewCell.swift in Sources */,
			);
			runOnlyForDeploymentPostprocessing = 0;
		};
/* End PBXSourcesBuildPhase section */

/* Begin PBXVariantGroup section */
		AA752E91225E1E5800F201EC /* Main.storyboard */ = {
			isa = PBXVariantGroup;
			children = (
				AA752E92225E1E5800F201EC /* Base */,
			);
			name = Main.storyboard;
			sourceTree = "<group>";
		};
		AA752E99225E1E5800F201EC /* LaunchScreen.storyboard */ = {
			isa = PBXVariantGroup;
			children = (
				AA752E9A225E1E5800F201EC /* Base */,
			);
			name = LaunchScreen.storyboard;
			sourceTree = "<group>";
		};
/* End PBXVariantGroup section */

/* Begin XCBuildConfiguration section */
		AA752E9D225E1E5800F201EC /* Debug */ = {
			isa = XCBuildConfiguration;
			buildSettings = {
				ALWAYS_SEARCH_USER_PATHS = NO;
				CLANG_ANALYZER_NONNULL = YES;
				CLANG_ANALYZER_NUMBER_OBJECT_CONVERSION = YES_AGGRESSIVE;
				CLANG_CXX_LANGUAGE_STANDARD = "gnu++14";
				CLANG_CXX_LIBRARY = "libc++";
				CLANG_ENABLE_MODULES = YES;
				CLANG_ENABLE_OBJC_ARC = YES;
				CLANG_ENABLE_OBJC_WEAK = YES;
				CLANG_WARN_BLOCK_CAPTURE_AUTORELEASING = YES;
				CLANG_WARN_BOOL_CONVERSION = YES;
				CLANG_WARN_COMMA = YES;
				CLANG_WARN_CONSTANT_CONVERSION = YES;
				CLANG_WARN_DEPRECATED_OBJC_IMPLEMENTATIONS = YES;
				CLANG_WARN_DIRECT_OBJC_ISA_USAGE = YES_ERROR;
				CLANG_WARN_DOCUMENTATION_COMMENTS = YES;
				CLANG_WARN_EMPTY_BODY = YES;
				CLANG_WARN_ENUM_CONVERSION = YES;
				CLANG_WARN_INFINITE_RECURSION = YES;
				CLANG_WARN_INT_CONVERSION = YES;
				CLANG_WARN_NON_LITERAL_NULL_CONVERSION = YES;
				CLANG_WARN_OBJC_IMPLICIT_RETAIN_SELF = YES;
				CLANG_WARN_OBJC_LITERAL_CONVERSION = YES;
				CLANG_WARN_OBJC_ROOT_CLASS = YES_ERROR;
				CLANG_WARN_QUOTED_INCLUDE_IN_FRAMEWORK_HEADER = YES;
				CLANG_WARN_RANGE_LOOP_ANALYSIS = YES;
				CLANG_WARN_STRICT_PROTOTYPES = YES;
				CLANG_WARN_SUSPICIOUS_MOVE = YES;
				CLANG_WARN_UNGUARDED_AVAILABILITY = YES_AGGRESSIVE;
				CLANG_WARN_UNREACHABLE_CODE = YES;
				CLANG_WARN__DUPLICATE_METHOD_MATCH = YES;
				CODE_SIGN_IDENTITY = "iPhone Developer";
				COPY_PHASE_STRIP = NO;
				DEBUG_INFORMATION_FORMAT = dwarf;
				ENABLE_STRICT_OBJC_MSGSEND = YES;
				ENABLE_TESTABILITY = YES;
				GCC_C_LANGUAGE_STANDARD = gnu11;
				GCC_DYNAMIC_NO_PIC = NO;
				GCC_NO_COMMON_BLOCKS = YES;
				GCC_OPTIMIZATION_LEVEL = 0;
				GCC_PREPROCESSOR_DEFINITIONS = (
					"DEBUG=1",
					"$(inherited)",
				);
				GCC_WARN_64_TO_32_BIT_CONVERSION = YES;
				GCC_WARN_ABOUT_RETURN_TYPE = YES_ERROR;
				GCC_WARN_UNDECLARED_SELECTOR = YES;
				GCC_WARN_UNINITIALIZED_AUTOS = YES_AGGRESSIVE;
				GCC_WARN_UNUSED_FUNCTION = YES;
				GCC_WARN_UNUSED_VARIABLE = YES;
				IPHONEOS_DEPLOYMENT_TARGET = 14.4;
				MTL_ENABLE_DEBUG_INFO = INCLUDE_SOURCE;
				MTL_FAST_MATH = YES;
				ONLY_ACTIVE_ARCH = YES;
				SDKROOT = iphoneos;
				SWIFT_ACTIVE_COMPILATION_CONDITIONS = DEBUG;
				SWIFT_OPTIMIZATION_LEVEL = "-Onone";
				TARGETED_DEVICE_FAMILY = "1,2";
			};
			name = Debug;
		};
		AA752E9E225E1E5800F201EC /* Release */ = {
			isa = XCBuildConfiguration;
			buildSettings = {
				ALWAYS_SEARCH_USER_PATHS = NO;
				CLANG_ANALYZER_NONNULL = YES;
				CLANG_ANALYZER_NUMBER_OBJECT_CONVERSION = YES_AGGRESSIVE;
				CLANG_CXX_LANGUAGE_STANDARD = "gnu++14";
				CLANG_CXX_LIBRARY = "libc++";
				CLANG_ENABLE_MODULES = YES;
				CLANG_ENABLE_OBJC_ARC = YES;
				CLANG_ENABLE_OBJC_WEAK = YES;
				CLANG_WARN_BLOCK_CAPTURE_AUTORELEASING = YES;
				CLANG_WARN_BOOL_CONVERSION = YES;
				CLANG_WARN_COMMA = YES;
				CLANG_WARN_CONSTANT_CONVERSION = YES;
				CLANG_WARN_DEPRECATED_OBJC_IMPLEMENTATIONS = YES;
				CLANG_WARN_DIRECT_OBJC_ISA_USAGE = YES_ERROR;
				CLANG_WARN_DOCUMENTATION_COMMENTS = YES;
				CLANG_WARN_EMPTY_BODY = YES;
				CLANG_WARN_ENUM_CONVERSION = YES;
				CLANG_WARN_INFINITE_RECURSION = YES;
				CLANG_WARN_INT_CONVERSION = YES;
				CLANG_WARN_NON_LITERAL_NULL_CONVERSION = YES;
				CLANG_WARN_OBJC_IMPLICIT_RETAIN_SELF = YES;
				CLANG_WARN_OBJC_LITERAL_CONVERSION = YES;
				CLANG_WARN_OBJC_ROOT_CLASS = YES_ERROR;
				CLANG_WARN_QUOTED_INCLUDE_IN_FRAMEWORK_HEADER = YES;
				CLANG_WARN_RANGE_LOOP_ANALYSIS = YES;
				CLANG_WARN_STRICT_PROTOTYPES = YES;
				CLANG_WARN_SUSPICIOUS_MOVE = YES;
				CLANG_WARN_UNGUARDED_AVAILABILITY = YES_AGGRESSIVE;
				CLANG_WARN_UNREACHABLE_CODE = YES;
				CLANG_WARN__DUPLICATE_METHOD_MATCH = YES;
				CODE_SIGN_IDENTITY = "iPhone Developer";
				COPY_PHASE_STRIP = NO;
				DEBUG_INFORMATION_FORMAT = "dwarf-with-dsym";
				ENABLE_NS_ASSERTIONS = NO;
				ENABLE_STRICT_OBJC_MSGSEND = YES;
				GCC_C_LANGUAGE_STANDARD = gnu11;
				GCC_NO_COMMON_BLOCKS = YES;
				GCC_WARN_64_TO_32_BIT_CONVERSION = YES;
				GCC_WARN_ABOUT_RETURN_TYPE = YES_ERROR;
				GCC_WARN_UNDECLARED_SELECTOR = YES;
				GCC_WARN_UNINITIALIZED_AUTOS = YES_AGGRESSIVE;
				GCC_WARN_UNUSED_FUNCTION = YES;
				GCC_WARN_UNUSED_VARIABLE = YES;
				IPHONEOS_DEPLOYMENT_TARGET = 14.4;
				MTL_ENABLE_DEBUG_INFO = NO;
				MTL_FAST_MATH = YES;
				SDKROOT = iphoneos;
				SWIFT_COMPILATION_MODE = wholemodule;
				SWIFT_OPTIMIZATION_LEVEL = "-O";
				TARGETED_DEVICE_FAMILY = "1,2";
				VALIDATE_PRODUCT = YES;
			};
			name = Release;
		};
		AA752EA0225E1E5800F201EC /* Debug */ = {
			isa = XCBuildConfiguration;
			buildSettings = {
				ASSETCATALOG_COMPILER_APPICON_NAME = AppIcon;
				BUILD_LIBRARY_FOR_DISTRIBUTION = NO;
				CODE_SIGN_ENTITLEMENTS = "Swimtraxx Data Tool/SwimtraxxDataTool.entitlements";
				CODE_SIGN_STYLE = Automatic;
				DEVELOPMENT_TEAM = FT8NMFBPNK;
				ENABLE_BITCODE = NO;
				FRAMEWORK_SEARCH_PATHS = (
					"$(inherited)",
					"$(PROJECT_DIR)/Carthage/Build/iOS",
				);
				INFOPLIST_FILE = "Swimtraxx Data Tool/Info.plist";
				IPHONEOS_DEPLOYMENT_TARGET = 12.2;
				LD_RUNPATH_SEARCH_PATHS = (
					"$(inherited)",
					"@executable_path/Frameworks",
				);
				MARKETING_VERSION = 1.2.4;
				PRODUCT_BUNDLE_IDENTIFIER = com.swimtraxx.datatool;
				PRODUCT_NAME = "$(TARGET_NAME)";
				SWIFT_VERSION = 5.0;
				TARGETED_DEVICE_FAMILY = "1,2";
			};
			name = Debug;
		};
		AA752EA1225E1E5800F201EC /* Release */ = {
			isa = XCBuildConfiguration;
			buildSettings = {
				ASSETCATALOG_COMPILER_APPICON_NAME = AppIcon;
				BUILD_LIBRARY_FOR_DISTRIBUTION = NO;
				CODE_SIGN_ENTITLEMENTS = "Swimtraxx Data Tool/SwimtraxxDataTool.entitlements";
				CODE_SIGN_STYLE = Automatic;
				DEVELOPMENT_TEAM = FT8NMFBPNK;
				ENABLE_BITCODE = NO;
				FRAMEWORK_SEARCH_PATHS = (
					"$(inherited)",
					"$(PROJECT_DIR)/Carthage/Build/iOS",
				);
				INFOPLIST_FILE = "Swimtraxx Data Tool/Info.plist";
				IPHONEOS_DEPLOYMENT_TARGET = 12.2;
				LD_RUNPATH_SEARCH_PATHS = (
					"$(inherited)",
					"@executable_path/Frameworks",
				);
				MARKETING_VERSION = 1.2.4;
				PRODUCT_BUNDLE_IDENTIFIER = com.swimtraxx.datatool;
				PRODUCT_NAME = "$(TARGET_NAME)";
				SWIFT_VERSION = 5.0;
				TARGETED_DEVICE_FAMILY = "1,2";
			};
			name = Release;
		};
/* End XCBuildConfiguration section */

/* Begin XCConfigurationList section */
		AA752E85225E1E5800F201EC /* Build configuration list for PBXProject "Swimtraxx Data Tool" */ = {
			isa = XCConfigurationList;
			buildConfigurations = (
				AA752E9D225E1E5800F201EC /* Debug */,
				AA752E9E225E1E5800F201EC /* Release */,
			);
			defaultConfigurationIsVisible = 0;
			defaultConfigurationName = Release;
		};
		AA752E9F225E1E5800F201EC /* Build configuration list for PBXNativeTarget "Swimtraxx Data Tool" */ = {
			isa = XCConfigurationList;
			buildConfigurations = (
				AA752EA0225E1E5800F201EC /* Debug */,
				AA752EA1225E1E5800F201EC /* Release */,
			);
			defaultConfigurationIsVisible = 0;
			defaultConfigurationName = Release;
		};
/* End XCConfigurationList section */

/* Begin XCRemoteSwiftPackageReference section */
		AA09C8AB26398DEB006E6322 /* XCRemoteSwiftPackageReference "swift-algorithms" */ = {
			isa = XCRemoteSwiftPackageReference;
			repositoryURL = "https://github.com/apple/swift-algorithms";
			requirement = {
				kind = exactVersion;
				version = 0.1.1;
			};
		};
/* End XCRemoteSwiftPackageReference section */

/* Begin XCSwiftPackageProductDependency section */
		AA09C8AC26398DEB006E6322 /* Algorithms */ = {
			isa = XCSwiftPackageProductDependency;
			package = AA09C8AB26398DEB006E6322 /* XCRemoteSwiftPackageReference "swift-algorithms" */;
			productName = Algorithms;
		};
/* End XCSwiftPackageProductDependency section */

/* Begin XCVersionGroup section */
		AA752E94225E1E5800F201EC /* Swimtraxx_Data_Tool.xcdatamodeld */ = {
			isa = XCVersionGroup;
			children = (
				AA752E95225E1E5800F201EC /* BluetoothScanner.xcdatamodel */,
			);
			currentVersion = AA752E95225E1E5800F201EC /* BluetoothScanner.xcdatamodel */;
			path = Swimtraxx_Data_Tool.xcdatamodeld;
			sourceTree = "<group>";
			versionGroupType = wrapper.xcdatamodel;
		};
/* End XCVersionGroup section */
	};
	rootObject = AA752E82225E1E5800F201EC /* Project object */;
}
